
Microsoft Visual Studio Solution File, Format Version 12.00
# Visual Studio Version 16
VisualStudioVersion = 16.0.29503.13
MinimumVisualStudioVersion = 10.0.40219.1
Project("{FAE04EC0-301F-11D3-BF4B-00C04F79EFBC}") = "XamarinFontIcons.UWP", "XamarinFontIcons.UWP\XamarinFontIcons.UWP.csproj", "{39984091-7641-4F27-BF4D-3A063177EA27}"
EndProject
Project("{FAE04EC0-301F-11D3-BF4B-00C04F79EFBC}") = "XamarinFontIcons.Android", "XamarinFontIcons.Android\XamarinFontIcons.Android.csproj", "{1B363806-DC7C-419D-B7CF-DDFB978F56E5}"
EndProject
Project("{FAE04EC0-301F-11D3-BF4B-00C04F79EFBC}") = "XamarinFontIcons.iOS", "XamarinFontIcons.iOS\XamarinFontIcons.iOS.csproj", "{8C5787C7-1099-4BDE-BA81-EE7C9C212385}"
EndProject
Project("{FAE04EC0-301F-11D3-BF4B-00C04F79EFBC}") = "XamarinFontIcons", "XamarinFontIcons\XamarinFontIcons.csproj", "{36DD0A76-68AE-427D-A0FD-0549B9789CEE}"
EndProject
Global
	GlobalSection(SolutionConfigurationPlatforms) = preSolution
		Debug|Any CPU = Debug|Any CPU
		Debug|ARM = Debug|ARM
		Debug|iPhone = Debug|iPhone
		Debug|iPhoneSimulator = Debug|iPhoneSimulator
		Debug|x64 = Debug|x64
		Debug|x86 = Debug|x86
		Release|Any CPU = Release|Any CPU
		Release|ARM = Release|ARM
		Release|iPhone = Release|iPhone
		Release|iPhoneSimulator = Release|iPhoneSimulator
		Release|x64 = Release|x64
		Release|x86 = Release|x86
	EndGlobalSection
	GlobalSection(ProjectConfigurationPlatforms) = postSolution
		{39984091-7641-4F27-BF4D-3A063177EA27}.Debug|Any CPU.ActiveCfg = Debug|x86
		{39984091-7641-4F27-BF4D-3A063177EA27}.Debug|Any CPU.Build.0 = Debug|x86
		{39984091-7641-4F27-BF4D-3A063177EA27}.Debug|Any CPU.Deploy.0 = Debug|x86
		{39984091-7641-4F27-BF4D-3A063177EA27}.Debug|ARM.ActiveCfg = Debug|ARM
		{39984091-7641-4F27-BF4D-3A063177EA27}.Debug|ARM.Build.0 = Debug|ARM
		{39984091-7641-4F27-BF4D-3A063177EA27}.Debug|ARM.Deploy.0 = Debug|ARM
		{39984091-7641-4F27-BF4D-3A063177EA27}.Debug|iPhone.ActiveCfg = Debug|x86
		{39984091-7641-4F27-BF4D-3A063177EA27}.Debug|iPhone.Build.0 = Debug|x86
		{39984091-7641-4F27-BF4D-3A063177EA27}.Debug|iPhone.Deploy.0 = Debug|x86
		{39984091-7641-4F27-BF4D-3A063177EA27}.Debug|iPhoneSimulator.ActiveCfg = Debug|x86
		{39984091-7641-4F27-BF4D-3A063177EA27}.Debug|iPhoneSimulator.Build.0 = Debug|x86
		{39984091-7641-4F27-BF4D-3A063177EA27}.Debug|iPhoneSimulator.Deploy.0 = Debug|x86
		{39984091-7641-4F27-BF4D-3A063177EA27}.Debug|x64.ActiveCfg = Debug|x64
		{39984091-7641-4F27-BF4D-3A063177EA27}.Debug|x64.Build.0 = Debug|x64
		{39984091-7641-4F27-BF4D-3A063177EA27}.Debug|x64.Deploy.0 = Debug|x64
		{39984091-7641-4F27-BF4D-3A063177EA27}.Debug|x86.ActiveCfg = Debug|x86
		{39984091-7641-4F27-BF4D-3A063177EA27}.Debug|x86.Build.0 = Debug|x86
		{39984091-7641-4F27-BF4D-3A063177EA27}.Debug|x86.Deploy.0 = Debug|x86
		{39984091-7641-4F27-BF4D-3A063177EA27}.Release|Any CPU.ActiveCfg = Release|x86
		{39984091-7641-4F27-BF4D-3A063177EA27}.Release|Any CPU.Build.0 = Release|x86
		{39984091-7641-4F27-BF4D-3A063177EA27}.Release|Any CPU.Deploy.0 = Release|x86
		{39984091-7641-4F27-BF4D-3A063177EA27}.Release|ARM.ActiveCfg = Release|ARM
		{39984091-7641-4F27-BF4D-3A063177EA27}.Release|ARM.Build.0 = Release|ARM
		{39984091-7641-4F27-BF4D-3A063177EA27}.Release|ARM.Deploy.0 = Release|ARM
		{39984091-7641-4F27-BF4D-3A063177EA27}.Release|iPhone.ActiveCfg = Release|x86
		{39984091-7641-4F27-BF4D-3A063177EA27}.Release|iPhone.Build.0 = Release|x86
		{39984091-7641-4F27-BF4D-3A063177EA27}.Release|iPhone.Deploy.0 = Release|x86
		{39984091-7641-4F27-BF4D-3A063177EA27}.Release|iPhoneSimulator.ActiveCfg = Release|x86
		{39984091-7641-4F27-BF4D-3A063177EA27}.Release|iPhoneSimulator.Build.0 = Release|x86
		{39984091-7641-4F27-BF4D-3A063177EA27}.Release|iPhoneSimulator.Deploy.0 = Release|x86
		{39984091-7641-4F27-BF4D-3A063177EA27}.Release|x64.ActiveCfg = Release|x64
		{39984091-7641-4F27-BF4D-3A063177EA27}.Release|x64.Build.0 = Release|x64
		{39984091-7641-4F27-BF4D-3A063177EA27}.Release|x64.Deploy.0 = Release|x64
		{39984091-7641-4F27-BF4D-3A063177EA27}.Release|x86.ActiveCfg = Release|x86
		{39984091-7641-4F27-BF4D-3A063177EA27}.Release|x86.Build.0 = Release|x86
		{39984091-7641-4F27-BF4D-3A063177EA27}.Release|x86.Deploy.0 = Release|x86
		{1B363806-DC7C-419D-B7CF-DDFB978F56E5}.Debug|Any CPU.ActiveCfg = Debug|Any CPU
		{1B363806-DC7C-419D-B7CF-DDFB978F56E5}.Debug|Any CPU.Build.0 = Debug|Any CPU
		{1B363806-DC7C-419D-B7CF-DDFB978F56E5}.Debug|Any CPU.Deploy.0 = Debug|Any CPU
		{1B363806-DC7C-419D-B7CF-DDFB978F56E5}.Debug|ARM.ActiveCfg = Debug|Any CPU
		{1B363806-DC7C-419D-B7CF-DDFB978F56E5}.Debug|ARM.Build.0 = Debug|Any CPU
		{1B363806-DC7C-419D-B7CF-DDFB978F56E5}.Debug|ARM.Deploy.0 = Debug|Any CPU
		{1B363806-DC7C-419D-B7CF-DDFB978F56E5}.Debug|iPhone.ActiveCfg = Debug|Any CPU
		{1B363806-DC7C-419D-B7CF-DDFB978F56E5}.Debug|iPhone.Build.0 = Debug|Any CPU
		{1B363806-DC7C-419D-B7CF-DDFB978F56E5}.Debug|iPhone.Deploy.0 = Debug|Any CPU
		{1B363806-DC7C-419D-B7CF-DDFB978F56E5}.Debug|iPhoneSimulator.ActiveCfg = Debug|Any CPU
		{1B363806-DC7C-419D-B7CF-DDFB978F56E5}.Debug|iPhoneSimulator.Build.0 = Debug|Any CPU
		{1B363806-DC7C-419D-B7CF-DDFB978F56E5}.Debug|iPhoneSimulator.Deploy.0 = Debug|Any CPU
		{1B363806-DC7C-419D-B7CF-DDFB978F56E5}.Debug|x64.ActiveCfg = Debug|Any CPU
		{1B363806-DC7C-419D-B7CF-DDFB978F56E5}.Debug|x64.Build.0 = Debug|Any CPU
		{1B363806-DC7C-419D-B7CF-DDFB978F56E5}.Debug|x64.Deploy.0 = Debug|Any CPU
		{1B363806-DC7C-419D-B7CF-DDFB978F56E5}.Debug|x86.ActiveCfg = Debug|Any CPU
		{1B363806-DC7C-419D-B7CF-DDFB978F56E5}.Debug|x86.Build.0 = Debug|Any CPU
		{1B363806-DC7C-419D-B7CF-DDFB978F56E5}.Debug|x86.Deploy.0 = Debug|Any CPU
		{1B363806-DC7C-419D-B7CF-DDFB978F56E5}.Release|Any CPU.ActiveCfg = Release|Any CPU
		{1B363806-DC7C-419D-B7CF-DDFB978F56E5}.Release|Any CPU.Build.0 = Release|Any CPU
		{1B363806-DC7C-419D-B7CF-DDFB978F56E5}.Release|Any CPU.Deploy.0 = Release|Any CPU
		{1B363806-DC7C-419D-B7CF-DDFB978F56E5}.Release|ARM.ActiveCfg = Release|Any CPU
		{1B363806-DC7C-419D-B7CF-DDFB978F56E5}.Release|ARM.Build.0 = Release|Any CPU
		{1B363806-DC7C-419D-B7CF-DDFB978F56E5}.Release|ARM.Deploy.0 = Release|Any CPU
		{1B363806-DC7C-419D-B7CF-DDFB978F56E5}.Release|iPhone.ActiveCfg = Release|Any CPU
		{1B363806-DC7C-419D-B7CF-DDFB978F56E5}.Release|iPhone.Build.0 = Release|Any CPU
		{1B363806-DC7C-419D-B7CF-DDFB978F56E5}.Release|iPhone.Deploy.0 = Release|Any CPU
		{1B363806-DC7C-419D-B7CF-DDFB978F56E5}.Release|iPhoneSimulator.ActiveCfg = Release|Any CPU
		{1B363806-DC7C-419D-B7CF-DDFB978F56E5}.Release|iPhoneSimulator.Build.0 = Release|Any CPU
		{1B363806-DC7C-419D-B7CF-DDFB978F56E5}.Release|iPhoneSimulator.Deploy.0 = Release|Any CPU
		{1B363806-DC7C-419D-B7CF-DDFB978F56E5}.Release|x64.ActiveCfg = Release|Any CPU
		{1B363806-DC7C-419D-B7CF-DDFB978F56E5}.Release|x64.Build.0 = Release|Any CPU
		{1B363806-DC7C-419D-B7CF-DDFB978F56E5}.Release|x64.Deploy.0 = Release|Any CPU
		{1B363806-DC7C-419D-B7CF-DDFB978F56E5}.Release|x86.ActiveCfg = Release|Any CPU
		{1B363806-DC7C-419D-B7CF-DDFB978F56E5}.Release|x86.Build.0 = Release|Any CPU
		{1B363806-DC7C-419D-B7CF-DDFB978F56E5}.Release|x86.Deploy.0 = Release|Any CPU
		{8C5787C7-1099-4BDE-BA81-EE7C9C212385}.Debug|Any CPU.ActiveCfg = Debug|iPhone
		{8C5787C7-1099-4BDE-BA81-EE7C9C212385}.Debug|Any CPU.Build.0 = Debug|iPhone
		{8C5787C7-1099-4BDE-BA81-EE7C9C212385}.Debug|Any CPU.Deploy.0 = Debug|iPhone
		{8C5787C7-1099-4BDE-BA81-EE7C9C212385}.Debug|ARM.ActiveCfg = Debug|iPhoneSimulator
		{8C5787C7-1099-4BDE-BA81-EE7C9C212385}.Debug|ARM.Build.0 = Debug|iPhoneSimulator
		{8C5787C7-1099-4BDE-BA81-EE7C9C212385}.Debug|ARM.Deploy.0 = Debug|iPhoneSimulator
		{8C5787C7-1099-4BDE-BA81-EE7C9C212385}.Debug|iPhone.ActiveCfg = Debug|iPhone
		{8C5787C7-1099-4BDE-BA81-EE7C9C212385}.Debug|iPhone.Build.0 = Debug|iPhone
		{8C5787C7-1099-4BDE-BA81-EE7C9C212385}.Debug|iPhone.Deploy.0 = Debug|iPhone
		{8C5787C7-1099-4BDE-BA81-EE7C9C212385}.Debug|iPhoneSimulator.ActiveCfg = Debug|iPhoneSimulator
		{8C5787C7-1099-4BDE-BA81-EE7C9C212385}.Debug|iPhoneSimulator.Build.0 = Debug|iPhoneSimulator
		{8C5787C7-1099-4BDE-BA81-EE7C9C212385}.Debug|iPhoneSimulator.Deploy.0 = Debug|iPhoneSimulator
		{8C5787C7-1099-4BDE-BA81-EE7C9C212385}.Debug|x64.ActiveCfg = Debug|iPhone
		{8C5787C7-1099-4BDE-BA81-EE7C9C212385}.Debug|x64.Build.0 = Debug|iPhone
		{8C5787C7-1099-4BDE-BA81-EE7C9C212385}.Debug|x64.Deploy.0 = Debug|iPhone
		{8C5787C7-1099-4BDE-BA81-EE7C9C212385}.Debug|x86.ActiveCfg = Debug|iPhone
		{8C5787C7-1099-4BDE-BA81-EE7C9C212385}.Debug|x86.Build.0 = Debug|iPhone
		{8C5787C7-1099-4BDE-BA81-EE7C9C212385}.Debug|x86.Deploy.0 = Debug|iPhone
		{8C5787C7-1099-4BDE-BA81-EE7C9C212385}.Release|Any CPU.ActiveCfg = Release|iPhone
		{8C5787C7-1099-4BDE-BA81-EE7C9C212385}.Release|Any CPU.Build.0 = Release|iPhone
		{8C5787C7-1099-4BDE-BA81-EE7C9C212385}.Release|Any CPU.Deploy.0 = Release|iPhone
		{8C5787C7-1099-4BDE-BA81-EE7C9C212385}.Release|ARM.ActiveCfg = Release|iPhone
		{8C5787C7-1099-4BDE-BA81-EE7C9C212385}.Release|ARM.Build.0 = Release|iPhone
		{8C5787C7-1099-4BDE-BA81-EE7C9C212385}.Release|ARM.Deploy.0 = Release|iPhone
		{8C5787C7-1099-4BDE-BA81-EE7C9C212385}.Release|iPhone.ActiveCfg = Release|iPhone
		{8C5787C7-1099-4BDE-BA81-EE7C9C212385}.Release|iPhone.Build.0 = Release|iPhone
		{8C5787C7-1099-4BDE-BA81-EE7C9C212385}.Release|iPhone.Deploy.0 = Release|iPhone
		{8C5787C7-1099-4BDE-BA81-EE7C9C212385}.Release|iPhoneSimulator.ActiveCfg = Release|iPhoneSimulator
		{8C5787C7-1099-4BDE-BA81-EE7C9C212385}.Release|iPhoneSimulator.Build.0 = Release|iPhoneSimulator
		{8C5787C7-1099-4BDE-BA81-EE7C9C212385}.Release|iPhoneSimulator.Deploy.0 = Release|iPhoneSimulator
		{8C5787C7-1099-4BDE-BA81-EE7C9C212385}.Release|x64.ActiveCfg = Release|iPhone
		{8C5787C7-1099-4BDE-BA81-EE7C9C212385}.Release|x64.Build.0 = Release|iPhone
		{8C5787C7-1099-4BDE-BA81-EE7C9C212385}.Release|x64.Deploy.0 = Release|iPhone
		{8C5787C7-1099-4BDE-BA81-EE7C9C212385}.Release|x86.ActiveCfg = Release|iPhone
		{8C5787C7-1099-4BDE-BA81-EE7C9C212385}.Release|x86.Build.0 = Release|iPhone
		{8C5787C7-1099-4BDE-BA81-EE7C9C212385}.Release|x86.Deploy.0 = Release|iPhone
		{36DD0A76-68AE-427D-A0FD-0549B9789CEE}.Debug|Any CPU.ActiveCfg = Debug|Any CPU
		{36DD0A76-68AE-427D-A0FD-0549B9789CEE}.Debug|Any CPU.Build.0 = Debug|Any CPU
		{36DD0A76-68AE-427D-A0FD-0549B9789CEE}.Debug|Any CPU.Deploy.0 = Debug|Any CPU
		{36DD0A76-68AE-427D-A0FD-0549B9789CEE}.Debug|ARM.ActiveCfg = Debug|Any CPU
		{36DD0A76-68AE-427D-A0FD-0549B9789CEE}.Debug|ARM.Build.0 = Debug|Any CPU
		{36DD0A76-68AE-427D-A0FD-0549B9789CEE}.Debug|ARM.Deploy.0 = Debug|Any CPU
		{36DD0A76-68AE-427D-A0FD-0549B9789CEE}.Debug|iPhone.ActiveCfg = Debug|Any CPU
		{36DD0A76-68AE-427D-A0FD-0549B9789CEE}.Debug|iPhone.Build.0 = Debug|Any CPU
		{36DD0A76-68AE-427D-A0FD-0549B9789CEE}.Debug|iPhone.Deploy.0 = Debug|Any CPU
		{36DD0A76-68AE-427D-A0FD-0549B9789CEE}.Debug|iPhoneSimulator.ActiveCfg = Debug|Any CPU
		{36DD0A76-68AE-427D-A0FD-0549B9789CEE}.Debug|iPhoneSimulator.Build.0 = Debug|Any CPU
		{36DD0A76-68AE-427D-A0FD-0549B9789CEE}.Debug|iPhoneSimulator.Deploy.0 = Debug|Any CPU
		{36DD0A76-68AE-427D-A0FD-0549B9789CEE}.Debug|x64.ActiveCfg = Debug|Any CPU
		{36DD0A76-68AE-427D-A0FD-0549B9789CEE}.Debug|x64.Build.0 = Debug|Any CPU
		{36DD0A76-68AE-427D-A0FD-0549B9789CEE}.Debug|x64.Deploy.0 = Debug|Any CPU
		{36DD0A76-68AE-427D-A0FD-0549B9789CEE}.Debug|x86.ActiveCfg = Debug|Any CPU
		{36DD0A76-68AE-427D-A0FD-0549B9789CEE}.Debug|x86.Build.0 = Debug|Any CPU
		{36DD0A76-68AE-427D-A0FD-0549B9789CEE}.Debug|x86.Deploy.0 = Debug|Any CPU
		{36DD0A76-68AE-427D-A0FD-0549B9789CEE}.Release|Any CPU.ActiveCfg = Release|Any CPU
		{36DD0A76-68AE-427D-A0FD-0549B9789CEE}.Release|Any CPU.Build.0 = Release|Any CPU
		{36DD0A76-68AE-427D-A0FD-0549B9789CEE}.Release|Any CPU.Deploy.0 = Release|Any CPU
		{36DD0A76-68AE-427D-A0FD-0549B9789CEE}.Release|ARM.ActiveCfg = Release|Any CPU
		{36DD0A76-68AE-427D-A0FD-0549B9789CEE}.Release|ARM.Build.0 = Release|Any CPU
		{36DD0A76-68AE-427D-A0FD-0549B9789CEE}.Release|ARM.Deploy.0 = Release|Any CPU
		{36DD0A76-68AE-427D-A0FD-0549B9789CEE}.Release|iPhone.ActiveCfg = Release|Any CPU
		{36DD0A76-68AE-427D-A0FD-0549B9789CEE}.Release|iPhone.Build.0 = Release|Any CPU
		{36DD0A76-68AE-427D-A0FD-0549B9789CEE}.Release|iPhone.Deploy.0 = Release|Any CPU
		{36DD0A76-68AE-427D-A0FD-0549B9789CEE}.Release|iPhoneSimulator.ActiveCfg = Release|Any CPU
		{36DD0A76-68AE-427D-A0FD-0549B9789CEE}.Release|iPhoneSimulator.Build.0 = Release|Any CPU
		{36DD0A76-68AE-427D-A0FD-0549B9789CEE}.Release|iPhoneSimulator.Deploy.0 = Release|Any CPU
		{36DD0A76-68AE-427D-A0FD-0549B9789CEE}.Release|x64.ActiveCfg = Release|Any CPU
		{36DD0A76-68AE-427D-A0FD-0549B9789CEE}.Release|x64.Build.0 = Release|Any CPU
		{36DD0A76-68AE-427D-A0FD-0549B9789CEE}.Release|x64.Deploy.0 = Release|Any CPU
		{36DD0A76-68AE-427D-A0FD-0549B9789CEE}.Release|x86.ActiveCfg = Release|Any CPU
		{36DD0A76-68AE-427D-A0FD-0549B9789CEE}.Release|x86.Build.0 = Release|Any CPU
		{36DD0A76-68AE-427D-A0FD-0549B9789CEE}.Release|x86.Deploy.0 = Release|Any CPU
	EndGlobalSection
	GlobalSection(SolutionProperties) = preSolution
		HideSolutionNode = FALSE
	EndGlobalSection
	GlobalSection(ExtensibilityGlobals) = postSolution
		SolutionGuid = {816A96E0-908D-4039-AA9B-00A8F18FD7B6}
	EndGlobalSection
EndGlobal
